// !$*UTF8*$!
{
	archiveVersion = 1;
	classes = {
	};
	objectVersion = 46;
	objects = {

/* Begin PBXBuildFile section */
		2621BC501A5E375200B1BA19 /* documentation.pdf in Resources */ = {isa = PBXBuildFile; fileRef = 2621BC4F1A5E375200B1BA19 /* documentation.pdf */; };
		2628DC8E1A301D3500436559 /* QRCodeReader.swift in Sources */ = {isa = PBXBuildFile; fileRef = 2628DC8B1A301D3500436559 /* QRCodeReader.swift */; };
		2628DC8F1A301D3500436559 /* ReaderView.swift in Sources */ = {isa = PBXBuildFile; fileRef = 2628DC8C1A301D3500436559 /* ReaderView.swift */; };
		2628DC901A301D3500436559 /* SwitchCameraButton.swift in Sources */ = {isa = PBXBuildFile; fileRef = 2628DC8D1A301D3500436559 /* SwitchCameraButton.swift */; };
		26316F6119F864DB00135D51 /* Location.swift in Sources */ = {isa = PBXBuildFile; fileRef = 26316F6019F864DB00135D51 /* Location.swift */; };
		2657922C1A1AB06400239D9E /* TableViewController.swift in Sources */ = {isa = PBXBuildFile; fileRef = 2657922B1A1AB06400239D9E /* TableViewController.swift */; };
		266791741A3BED9A007F65E4 /* bell.png in Resources */ = {isa = PBXBuildFile; fileRef = 266791551A3BED9A007F65E4 /* bell.png */; };
		266791751A3BED9A007F65E4 /* casper.png in Resources */ = {isa = PBXBuildFile; fileRef = 266791561A3BED9A007F65E4 /* casper.png */; };
		266791761A3BED9A007F65E4 /* cycle.png in Resources */ = {isa = PBXBuildFile; fileRef = 266791571A3BED9A007F65E4 /* cycle.png */; };
		266791771A3BED9A007F65E4 /* cycle2.png in Resources */ = {isa = PBXBuildFile; fileRef = 266791581A3BED9A007F65E4 /* cycle2.png */; };
		266791781A3BED9A007F65E4 /* default.png in Resources */ = {isa = PBXBuildFile; fileRef = 266791591A3BED9A007F65E4 /* default.png */; };
		266791791A3BED9A007F65E4 /* desert.png in Resources */ = {isa = PBXBuildFile; fileRef = 2667915A1A3BED9A007F65E4 /* desert.png */; };
		2667917A1A3BED9A007F65E4 /* dog.png in Resources */ = {isa = PBXBuildFile; fileRef = 2667915B1A3BED9A007F65E4 /* dog.png */; };
		2667917B1A3BED9A007F65E4 /* fish.png in Resources */ = {isa = PBXBuildFile; fileRef = 2667915C1A3BED9A007F65E4 /* fish.png */; };
		2667917C1A3BED9A007F65E4 /* fishing.png in Resources */ = {isa = PBXBuildFile; fileRef = 2667915D1A3BED9A007F65E4 /* fishing.png */; };
		2667917D1A3BED9A007F65E4 /* flower.png in Resources */ = {isa = PBXBuildFile; fileRef = 2667915E1A3BED9A007F65E4 /* flower.png */; };
		2667917E1A3BED9A007F65E4 /* food.png in Resources */ = {isa = PBXBuildFile; fileRef = 2667915F1A3BED9A007F65E4 /* food.png */; };
		2667917F1A3BED9A007F65E4 /* food2.png in Resources */ = {isa = PBXBuildFile; fileRef = 266791601A3BED9A007F65E4 /* food2.png */; };
		266791801A3BED9A007F65E4 /* glass.png in Resources */ = {isa = PBXBuildFile; fileRef = 266791611A3BED9A007F65E4 /* glass.png */; };
		266791811A3BED9A007F65E4 /* golf.png in Resources */ = {isa = PBXBuildFile; fileRef = 266791621A3BED9A007F65E4 /* golf.png */; };
		266791821A3BED9A007F65E4 /* gun.png in Resources */ = {isa = PBXBuildFile; fileRef = 266791631A3BED9A007F65E4 /* gun.png */; };
		266791831A3BED9A007F65E4 /* heart.png in Resources */ = {isa = PBXBuildFile; fileRef = 266791641A3BED9A007F65E4 /* heart.png */; };
		266791841A3BED9A007F65E4 /* heart2.png in Resources */ = {isa = PBXBuildFile; fileRef = 266791651A3BED9A007F65E4 /* heart2.png */; };
		266791851A3BED9A007F65E4 /* horse.png in Resources */ = {isa = PBXBuildFile; fileRef = 266791661A3BED9A007F65E4 /* horse.png */; };
		266791861A3BED9A007F65E4 /* house2.png in Resources */ = {isa = PBXBuildFile; fileRef = 266791671A3BED9A007F65E4 /* house2.png */; };
		266791871A3BED9A007F65E4 /* mashroom.png in Resources */ = {isa = PBXBuildFile; fileRef = 266791681A3BED9A007F65E4 /* mashroom.png */; };
		266791881A3BED9A007F65E4 /* money.png in Resources */ = {isa = PBXBuildFile; fileRef = 266791691A3BED9A007F65E4 /* money.png */; };
		266791891A3BED9A007F65E4 /* party.png in Resources */ = {isa = PBXBuildFile; fileRef = 2667916A1A3BED9A007F65E4 /* party.png */; };
		2667918A1A3BED9A007F65E4 /* pizza.png in Resources */ = {isa = PBXBuildFile; fileRef = 2667916B1A3BED9A007F65E4 /* pizza.png */; };
		2667918B1A3BED9A007F65E4 /* shopping_man.png in Resources */ = {isa = PBXBuildFile; fileRef = 2667916C1A3BED9A007F65E4 /* shopping_man.png */; };
		2667918C1A3BED9A007F65E4 /* shopping_w.png in Resources */ = {isa = PBXBuildFile; fileRef = 2667916D1A3BED9A007F65E4 /* shopping_w.png */; };
		2667918D1A3BED9A007F65E4 /* ski.png in Resources */ = {isa = PBXBuildFile; fileRef = 2667916E1A3BED9A007F65E4 /* ski.png */; };
		2667918E1A3BED9A007F65E4 /* sports.png in Resources */ = {isa = PBXBuildFile; fileRef = 2667916F1A3BED9A007F65E4 /* sports.png */; };
		2667918F1A3BED9A007F65E4 /* target.png in Resources */ = {isa = PBXBuildFile; fileRef = 266791701A3BED9A007F65E4 /* target.png */; };
		266791901A3BED9A007F65E4 /* violin.png in Resources */ = {isa = PBXBuildFile; fileRef = 266791711A3BED9A007F65E4 /* violin.png */; };
		266791911A3BED9A007F65E4 /* house.png in Resources */ = {isa = PBXBuildFile; fileRef = 266791721A3BED9A007F65E4 /* house.png */; };
		266791921A3BED9A007F65E4 /* car.png in Resources */ = {isa = PBXBuildFile; fileRef = 266791731A3BED9A007F65E4 /* car.png */; };
		266791941A3BEDA6007F65E4 /* download_145x145.png in Resources */ = {isa = PBXBuildFile; fileRef = 266791931A3BEDA6007F65E4 /* download_145x145.png */; };
		2692336D1A1C5A0A0033527B /* MapViewManipulations.swift in Sources */ = {isa = PBXBuildFile; fileRef = 2692336C1A1C5A0A0033527B /* MapViewManipulations.swift */; };
		2692336F1A1C5A7A0033527B /* Map.swift in Sources */ = {isa = PBXBuildFile; fileRef = 2692336E1A1C5A7A0033527B /* Map.swift */; };
		269233771A1C9A430033527B /* SWRevealViewController.m in Sources */ = {isa = PBXBuildFile; fileRef = 269233761A1C9A430033527B /* SWRevealViewController.m */; };
		269BDCA719EE9C720004501F /* AppDelegate.swift in Sources */ = {isa = PBXBuildFile; fileRef = 269BDCA619EE9C720004501F /* AppDelegate.swift */; };
		269BDCA919EE9C720004501F /* ViewController.swift in Sources */ = {isa = PBXBuildFile; fileRef = 269BDCA819EE9C720004501F /* ViewController.swift */; };
		269BDCAC19EE9C720004501F /* Main.storyboard in Resources */ = {isa = PBXBuildFile; fileRef = 269BDCAA19EE9C720004501F /* Main.storyboard */; };
		269BDCAE19EE9C720004501F /* Images.xcassets in Resources */ = {isa = PBXBuildFile; fileRef = 269BDCAD19EE9C720004501F /* Images.xcassets */; };
		269BDCB119EE9C720004501F /* LaunchScreen.xib in Resources */ = {isa = PBXBuildFile; fileRef = 269BDCAF19EE9C720004501F /* LaunchScreen.xib */; };
		269BDCBD19EE9C720004501F /* Spotty_FinderTests.swift in Sources */ = {isa = PBXBuildFile; fileRef = 269BDCBC19EE9C720004501F /* Spotty_FinderTests.swift */; };
		269BDCC819EE9E130004501F /* Place.swift in Sources */ = {isa = PBXBuildFile; fileRef = 269BDCC719EE9E130004501F /* Place.swift */; };
		269BDCCA19EF51E20004501F /* NamedPlace.swift in Sources */ = {isa = PBXBuildFile; fileRef = 269BDCC919EF51E20004501F /* NamedPlace.swift */; };
		269BDCCC19EF58330004501F /* Navigation.swift in Sources */ = {isa = PBXBuildFile; fileRef = 269BDCCB19EF58330004501F /* Navigation.swift */; };
		269BDCCE19F010DA0004501F /* PlacesSet.swift in Sources */ = {isa = PBXBuildFile; fileRef = 269BDCCD19F010DA0004501F /* PlacesSet.swift */; };
		269BDCD019F01BF00004501F /* LocationSource.swift in Sources */ = {isa = PBXBuildFile; fileRef = 269BDCCF19F01BF00004501F /* LocationSource.swift */; };
		269BDD0519F67F8A0004501F /* MapKit.framework in Frameworks */ = {isa = PBXBuildFile; fileRef = 269BDD0419F67F8A0004501F /* MapKit.framework */; };
		269BDD0719F67FC30004501F /* CoreLocation.framework in Frameworks */ = {isa = PBXBuildFile; fileRef = 269BDD0619F67FC30004501F /* CoreLocation.framework */; };
		26ADFECC19FD659400B32B7F /* MapKitViewAppearance.swift in Sources */ = {isa = PBXBuildFile; fileRef = 26ADFECB19FD659400B32B7F /* MapKitViewAppearance.swift */; };
		26ADFECE19FF2B0B00B32B7F /* Network.swift in Sources */ = {isa = PBXBuildFile; fileRef = 26ADFECD19FF2B0B00B32B7F /* Network.swift */; };
		26CCEE541A003CBC007FCDD2 /* PlaceActionSheet.swift in Sources */ = {isa = PBXBuildFile; fileRef = 26CCEE531A003CBC007FCDD2 /* PlaceActionSheet.swift */; };
		26D70F821A2C9B0C00E349B6 /* ProgrammaticallyCreatedUI.swift in Sources */ = {isa = PBXBuildFile; fileRef = 26D70F811A2C9B0C00E349B6 /* ProgrammaticallyCreatedUI.swift */; };
		26D70F841A2D337700E349B6 /* ImageSelectorScrollView.swift in Sources */ = {isa = PBXBuildFile; fileRef = 26D70F831A2D337700E349B6 /* ImageSelectorScrollView.swift */; };
		26E11AB41A24D55500CEB77C /* ImageChooserButton.swift in Sources */ = {isa = PBXBuildFile; fileRef = 26E11AB31A24D55500CEB77C /* ImageChooserButton.swift */; };
		26E11ABA1A25026800CEB77C /* NamedPlaceAnnotationView.swift in Sources */ = {isa = PBXBuildFile; fileRef = 26E11AB91A25026800CEB77C /* NamedPlaceAnnotationView.swift */; };
		26E1F4E41A3BF6470094A645 /* PlaceImportSheet.swift in Sources */ = {isa = PBXBuildFile; fileRef = 26E1F4E31A3BF6470094A645 /* PlaceImportSheet.swift */; };
		26EEA4581A2E423900815410 /* MessageComposer.swift in Sources */ = {isa = PBXBuildFile; fileRef = 26EEA4571A2E423900815410 /* MessageComposer.swift */; };
/* End PBXBuildFile section */

/* Begin PBXContainerItemProxy section */
		269BDCB719EE9C720004501F /* PBXContainerItemProxy */ = {
			isa = PBXContainerItemProxy;
			containerPortal = 269BDC9919EE9C720004501F /* Project object */;
			proxyType = 1;
			remoteGlobalIDString = 269BDCA019EE9C720004501F;
			remoteInfo = "Spotty Finder";
		};
/* End PBXContainerItemProxy section */

/* Begin PBXFileReference section */
		2621BC4F1A5E375200B1BA19 /* documentation.pdf */ = {isa = PBXFileReference; lastKnownFileType = image.pdf; path = documentation.pdf; sourceTree = "<group>"; };
		2628DC8B1A301D3500436559 /* QRCodeReader.swift */ = {isa = PBXFileReference; fileEncoding = 4; lastKnownFileType = sourcecode.swift; path = QRCodeReader.swift; sourceTree = "<group>"; };
		2628DC8C1A301D3500436559 /* ReaderView.swift */ = {isa = PBXFileReference; fileEncoding = 4; lastKnownFileType = sourcecode.swift; path = ReaderView.swift; sourceTree = "<group>"; };
		2628DC8D1A301D3500436559 /* SwitchCameraButton.swift */ = {isa = PBXFileReference; fileEncoding = 4; lastKnownFileType = sourcecode.swift; path = SwitchCameraButton.swift; sourceTree = "<group>"; };
		26316F6019F864DB00135D51 /* Location.swift */ = {isa = PBXFileReference; fileEncoding = 4; lastKnownFileType = sourcecode.swift; path = Location.swift; sourceTree = "<group>"; };
		2657922B1A1AB06400239D9E /* TableViewController.swift */ = {isa = PBXFileReference; fileEncoding = 4; lastKnownFileType = sourcecode.swift; path = TableViewController.swift; sourceTree = "<group>"; };
		266791551A3BED9A007F65E4 /* bell.png */ = {isa = PBXFileReference; lastKnownFileType = image.png; name = bell.png; path = "Images/Place Icons/bell.png"; sourceTree = "<group>"; };
		266791561A3BED9A007F65E4 /* casper.png */ = {isa = PBXFileReference; lastKnownFileType = image.png; name = casper.png; path = "Images/Place Icons/casper.png"; sourceTree = "<group>"; };
		266791571A3BED9A007F65E4 /* cycle.png */ = {isa = PBXFileReference; lastKnownFileType = image.png; name = cycle.png; path = "Images/Place Icons/cycle.png"; sourceTree = "<group>"; };
		266791581A3BED9A007F65E4 /* cycle2.png */ = {isa = PBXFileReference; lastKnownFileType = image.png; name = cycle2.png; path = "Images/Place Icons/cycle2.png"; sourceTree = "<group>"; };
		266791591A3BED9A007F65E4 /* default.png */ = {isa = PBXFileReference; lastKnownFileType = image.png; name = default.png; path = "Images/Place Icons/default.png"; sourceTree = "<group>"; };
		2667915A1A3BED9A007F65E4 /* desert.png */ = {isa = PBXFileReference; lastKnownFileType = image.png; name = desert.png; path = "Images/Place Icons/desert.png"; sourceTree = "<group>"; };
		2667915B1A3BED9A007F65E4 /* dog.png */ = {isa = PBXFileReference; lastKnownFileType = image.png; name = dog.png; path = "Images/Place Icons/dog.png"; sourceTree = "<group>"; };
		2667915C1A3BED9A007F65E4 /* fish.png */ = {isa = PBXFileReference; lastKnownFileType = image.png; name = fish.png; path = "Images/Place Icons/fish.png"; sourceTree = "<group>"; };
		2667915D1A3BED9A007F65E4 /* fishing.png */ = {isa = PBXFileReference; lastKnownFileType = image.png; name = fishing.png; path = "Images/Place Icons/fishing.png"; sourceTree = "<group>"; };
		2667915E1A3BED9A007F65E4 /* flower.png */ = {isa = PBXFileReference; lastKnownFileType = image.png; name = flower.png; path = "Images/Place Icons/flower.png"; sourceTree = "<group>"; };
		2667915F1A3BED9A007F65E4 /* food.png */ = {isa = PBXFileReference; lastKnownFileType = image.png; name = food.png; path = "Images/Place Icons/food.png"; sourceTree = "<group>"; };
		266791601A3BED9A007F65E4 /* food2.png */ = {isa = PBXFileReference; lastKnownFileType = image.png; name = food2.png; path = "Images/Place Icons/food2.png"; sourceTree = "<group>"; };
		266791611A3BED9A007F65E4 /* glass.png */ = {isa = PBXFileReference; lastKnownFileType = image.png; name = glass.png; path = "Images/Place Icons/glass.png"; sourceTree = "<group>"; };
		266791621A3BED9A007F65E4 /* golf.png */ = {isa = PBXFileReference; lastKnownFileType = image.png; name = golf.png; path = "Images/Place Icons/golf.png"; sourceTree = "<group>"; };
		266791631A3BED9A007F65E4 /* gun.png */ = {isa = PBXFileReference; lastKnownFileType = image.png; name = gun.png; path = "Images/Place Icons/gun.png"; sourceTree = "<group>"; };
		266791641A3BED9A007F65E4 /* heart.png */ = {isa = PBXFileReference; lastKnownFileType = image.png; name = heart.png; path = "Images/Place Icons/heart.png"; sourceTree = "<group>"; };
		266791651A3BED9A007F65E4 /* heart2.png */ = {isa = PBXFileReference; lastKnownFileType = image.png; name = heart2.png; path = "Images/Place Icons/heart2.png"; sourceTree = "<group>"; };
		266791661A3BED9A007F65E4 /* horse.png */ = {isa = PBXFileReference; lastKnownFileType = image.png; name = horse.png; path = "Images/Place Icons/horse.png"; sourceTree = "<group>"; };
		266791671A3BED9A007F65E4 /* house2.png */ = {isa = PBXFileReference; lastKnownFileType = image.png; name = house2.png; path = "Images/Place Icons/house2.png"; sourceTree = "<group>"; };
		266791681A3BED9A007F65E4 /* mashroom.png */ = {isa = PBXFileReference; lastKnownFileType = image.png; name = mashroom.png; path = "Images/Place Icons/mashroom.png"; sourceTree = "<group>"; };
		266791691A3BED9A007F65E4 /* money.png */ = {isa = PBXFileReference; lastKnownFileType = image.png; name = money.png; path = "Images/Place Icons/money.png"; sourceTree = "<group>"; };
		2667916A1A3BED9A007F65E4 /* party.png */ = {isa = PBXFileReference; lastKnownFileType = image.png; name = party.png; path = "Images/Place Icons/party.png"; sourceTree = "<group>"; };
		2667916B1A3BED9A007F65E4 /* pizza.png */ = {isa = PBXFileReference; lastKnownFileType = image.png; name = pizza.png; path = "Images/Place Icons/pizza.png"; sourceTree = "<group>"; };
		2667916C1A3BED9A007F65E4 /* shopping_man.png */ = {isa = PBXFileReference; lastKnownFileType = image.png; name = shopping_man.png; path = "Images/Place Icons/shopping_man.png"; sourceTree = "<group>"; };
		2667916D1A3BED9A007F65E4 /* shopping_w.png */ = {isa = PBXFileReference; lastKnownFileType = image.png; name = shopping_w.png; path = "Images/Place Icons/shopping_w.png"; sourceTree = "<group>"; };
		2667916E1A3BED9A007F65E4 /* ski.png */ = {isa = PBXFileReference; lastKnownFileType = image.png; name = ski.png; path = "Images/Place Icons/ski.png"; sourceTree = "<group>"; };
		2667916F1A3BED9A007F65E4 /* sports.png */ = {isa = PBXFileReference; lastKnownFileType = image.png; name = sports.png; path = "Images/Place Icons/sports.png"; sourceTree = "<group>"; };
		266791701A3BED9A007F65E4 /* target.png */ = {isa = PBXFileReference; lastKnownFileType = image.png; name = target.png; path = "Images/Place Icons/target.png"; sourceTree = "<group>"; };
		266791711A3BED9A007F65E4 /* violin.png */ = {isa = PBXFileReference; lastKnownFileType = image.png; name = violin.png; path = "Images/Place Icons/violin.png"; sourceTree = "<group>"; };
		266791721A3BED9A007F65E4 /* house.png */ = {isa = PBXFileReference; lastKnownFileType = image.png; name = house.png; path = "Images/Place Icons/house.png"; sourceTree = "<group>"; };
		266791731A3BED9A007F65E4 /* car.png */ = {isa = PBXFileReference; lastKnownFileType = image.png; name = car.png; path = "Images/Place Icons/car.png"; sourceTree = "<group>"; };
		266791931A3BEDA6007F65E4 /* download_145x145.png */ = {isa = PBXFileReference; lastKnownFileType = image.png; name = download_145x145.png; path = Images/Interface/download_145x145.png; sourceTree = "<group>"; };
		2692336C1A1C5A0A0033527B /* MapViewManipulations.swift */ = {isa = PBXFileReference; fileEncoding = 4; lastKnownFileType = sourcecode.swift; path = MapViewManipulations.swift; sourceTree = "<group>"; };
		2692336E1A1C5A7A0033527B /* Map.swift */ = {isa = PBXFileReference; fileEncoding = 4; lastKnownFileType = sourcecode.swift; path = Map.swift; sourceTree = "<group>"; };
		269233751A1C9A430033527B /* SWRevealViewController.h */ = {isa = PBXFileReference; fileEncoding = 4; lastKnownFileType = sourcecode.c.h; path = SWRevealViewController.h; sourceTree = "<group>"; };
		269233761A1C9A430033527B /* SWRevealViewController.m */ = {isa = PBXFileReference; fileEncoding = 4; lastKnownFileType = sourcecode.c.objc; path = SWRevealViewController.m; sourceTree = "<group>"; };
		2692337D1A1C9DBE0033527B /* Spotty Finder-Bridging-Header.h */ = {isa = PBXFileReference; lastKnownFileType = sourcecode.c.h; path = "Spotty Finder-Bridging-Header.h"; sourceTree = SOURCE_ROOT; };
		269BDCA119EE9C720004501F /* Places.app */ = {isa = PBXFileReference; explicitFileType = wrapper.application; includeInIndex = 0; path = Places.app; sourceTree = BUILT_PRODUCTS_DIR; };
		269BDCA519EE9C720004501F /* Info.plist */ = {isa = PBXFileReference; lastKnownFileType = text.plist.xml; path = Info.plist; sourceTree = "<group>"; };
		269BDCA619EE9C720004501F /* AppDelegate.swift */ = {isa = PBXFileReference; lastKnownFileType = sourcecode.swift; path = AppDelegate.swift; sourceTree = "<group>"; };
		269BDCA819EE9C720004501F /* ViewController.swift */ = {isa = PBXFileReference; lastKnownFileType = sourcecode.swift; path = ViewController.swift; sourceTree = "<group>"; };
		269BDCAB19EE9C720004501F /* Base */ = {isa = PBXFileReference; lastKnownFileType = file.storyboard; name = Base; path = Base.lproj/Main.storyboard; sourceTree = "<group>"; };
		269BDCAD19EE9C720004501F /* Images.xcassets */ = {isa = PBXFileReference; lastKnownFileType = folder.assetcatalog; path = Images.xcassets; sourceTree = "<group>"; };
		269BDCB019EE9C720004501F /* Base */ = {isa = PBXFileReference; lastKnownFileType = file.xib; name = Base; path = Base.lproj/LaunchScreen.xib; sourceTree = "<group>"; };
		269BDCB619EE9C720004501F /* PlacesTests.xctest */ = {isa = PBXFileReference; explicitFileType = wrapper.cfbundle; includeInIndex = 0; path = PlacesTests.xctest; sourceTree = BUILT_PRODUCTS_DIR; };
		269BDCBB19EE9C720004501F /* Info.plist */ = {isa = PBXFileReference; lastKnownFileType = text.plist.xml; path = Info.plist; sourceTree = "<group>"; };
		269BDCBC19EE9C720004501F /* Spotty_FinderTests.swift */ = {isa = PBXFileReference; lastKnownFileType = sourcecode.swift; path = Spotty_FinderTests.swift; sourceTree = "<group>"; };
		269BDCC719EE9E130004501F /* Place.swift */ = {isa = PBXFileReference; fileEncoding = 4; lastKnownFileType = sourcecode.swift; path = Place.swift; sourceTree = "<group>"; };
		269BDCC919EF51E20004501F /* NamedPlace.swift */ = {isa = PBXFileReference; fileEncoding = 4; lastKnownFileType = sourcecode.swift; path = NamedPlace.swift; sourceTree = "<group>"; };
		269BDCCB19EF58330004501F /* Navigation.swift */ = {isa = PBXFileReference; fileEncoding = 4; lastKnownFileType = sourcecode.swift; path = Navigation.swift; sourceTree = "<group>"; };
		269BDCCD19F010DA0004501F /* PlacesSet.swift */ = {isa = PBXFileReference; fileEncoding = 4; lastKnownFileType = sourcecode.swift; path = PlacesSet.swift; sourceTree = "<group>"; };
		269BDCCF19F01BF00004501F /* LocationSource.swift */ = {isa = PBXFileReference; fileEncoding = 4; lastKnownFileType = sourcecode.swift; path = LocationSource.swift; sourceTree = "<group>"; };
		269BDD0419F67F8A0004501F /* MapKit.framework */ = {isa = PBXFileReference; lastKnownFileType = wrapper.framework; name = MapKit.framework; path = System/Library/Frameworks/MapKit.framework; sourceTree = SDKROOT; };
		269BDD0619F67FC30004501F /* CoreLocation.framework */ = {isa = PBXFileReference; lastKnownFileType = wrapper.framework; name = CoreLocation.framework; path = System/Library/Frameworks/CoreLocation.framework; sourceTree = SDKROOT; };
		26ADFECB19FD659400B32B7F /* MapKitViewAppearance.swift */ = {isa = PBXFileReference; fileEncoding = 4; lastKnownFileType = sourcecode.swift; path = MapKitViewAppearance.swift; sourceTree = "<group>"; };
		26ADFECD19FF2B0B00B32B7F /* Network.swift */ = {isa = PBXFileReference; fileEncoding = 4; lastKnownFileType = sourcecode.swift; path = Network.swift; sourceTree = "<group>"; };
		26CCEE531A003CBC007FCDD2 /* PlaceActionSheet.swift */ = {isa = PBXFileReference; fileEncoding = 4; lastKnownFileType = sourcecode.swift; path = PlaceActionSheet.swift; sourceTree = "<group>"; };
		26D70F811A2C9B0C00E349B6 /* ProgrammaticallyCreatedUI.swift */ = {isa = PBXFileReference; fileEncoding = 4; lastKnownFileType = sourcecode.swift; path = ProgrammaticallyCreatedUI.swift; sourceTree = "<group>"; };
		26D70F831A2D337700E349B6 /* ImageSelectorScrollView.swift */ = {isa = PBXFileReference; fileEncoding = 4; lastKnownFileType = sourcecode.swift; path = ImageSelectorScrollView.swift; sourceTree = "<group>"; };
		26E11AB31A24D55500CEB77C /* ImageChooserButton.swift */ = {isa = PBXFileReference; fileEncoding = 4; lastKnownFileType = sourcecode.swift; path = ImageChooserButton.swift; sourceTree = "<group>"; };
		26E11AB91A25026800CEB77C /* NamedPlaceAnnotationView.swift */ = {isa = PBXFileReference; fileEncoding = 4; lastKnownFileType = sourcecode.swift; path = NamedPlaceAnnotationView.swift; sourceTree = "<group>"; };
		26E1F4E31A3BF6470094A645 /* PlaceImportSheet.swift */ = {isa = PBXFileReference; fileEncoding = 4; lastKnownFileType = sourcecode.swift; path = PlaceImportSheet.swift; sourceTree = "<group>"; };
		26EEA4571A2E423900815410 /* MessageComposer.swift */ = {isa = PBXFileReference; fileEncoding = 4; lastKnownFileType = sourcecode.swift; path = MessageComposer.swift; sourceTree = "<group>"; };
/* End PBXFileReference section */

/* Begin PBXFrameworksBuildPhase section */
		269BDC9E19EE9C720004501F /* Frameworks */ = {
			isa = PBXFrameworksBuildPhase;
			buildActionMask = 2147483647;
			files = (
				269BDD0719F67FC30004501F /* CoreLocation.framework in Frameworks */,
				269BDD0519F67F8A0004501F /* MapKit.framework in Frameworks */,
			);
			runOnlyForDeploymentPostprocessing = 0;
		};
		269BDCB319EE9C720004501F /* Frameworks */ = {
			isa = PBXFrameworksBuildPhase;
			buildActionMask = 2147483647;
			files = (
			);
			runOnlyForDeploymentPostprocessing = 0;
		};
/* End PBXFrameworksBuildPhase section */

/* Begin PBXGroup section */
		2621BC511A5E376600B1BA19 /* Static */ = {
			isa = PBXGroup;
			children = (
				2621BC4F1A5E375200B1BA19 /* documentation.pdf */,
			);
			name = Static;
			sourceTree = "<group>";
		};
		2628DC8A1A301D3500436559 /* QRCodeReader */ = {
			isa = PBXGroup;
			children = (
				2628DC8B1A301D3500436559 /* QRCodeReader.swift */,
				2628DC8C1A301D3500436559 /* ReaderView.swift */,
				2628DC8D1A301D3500436559 /* SwitchCameraButton.swift */,
			);
			path = QRCodeReader;
			sourceTree = "<group>";
		};
		265792271A1AAE8B00239D9E /* UIClasses */ = {
			isa = PBXGroup;
			children = (
				26ADFECB19FD659400B32B7F /* MapKitViewAppearance.swift */,
				26E11AB91A25026800CEB77C /* NamedPlaceAnnotationView.swift */,
				26CCEE531A003CBC007FCDD2 /* PlaceActionSheet.swift */,
				26E1F4E31A3BF6470094A645 /* PlaceImportSheet.swift */,
				26E11AB31A24D55500CEB77C /* ImageChooserButton.swift */,
				2657922B1A1AB06400239D9E /* TableViewController.swift */,
				26D70F811A2C9B0C00E349B6 /* ProgrammaticallyCreatedUI.swift */,
				26D70F831A2D337700E349B6 /* ImageSelectorScrollView.swift */,
			);
			name = UIClasses;
			sourceTree = "<group>";
		};
		266791111A3BED22007F65E4 /* Place Icons */ = {
			isa = PBXGroup;
			children = (
				266791551A3BED9A007F65E4 /* bell.png */,
				266791561A3BED9A007F65E4 /* casper.png */,
				266791571A3BED9A007F65E4 /* cycle.png */,
				266791581A3BED9A007F65E4 /* cycle2.png */,
				266791591A3BED9A007F65E4 /* default.png */,
				2667915A1A3BED9A007F65E4 /* desert.png */,
				2667915B1A3BED9A007F65E4 /* dog.png */,
				2667915C1A3BED9A007F65E4 /* fish.png */,
				2667915D1A3BED9A007F65E4 /* fishing.png */,
				2667915E1A3BED9A007F65E4 /* flower.png */,
				2667915F1A3BED9A007F65E4 /* food.png */,
				266791601A3BED9A007F65E4 /* food2.png */,
				266791611A3BED9A007F65E4 /* glass.png */,
				266791621A3BED9A007F65E4 /* golf.png */,
				266791631A3BED9A007F65E4 /* gun.png */,
				266791641A3BED9A007F65E4 /* heart.png */,
				266791651A3BED9A007F65E4 /* heart2.png */,
				266791661A3BED9A007F65E4 /* horse.png */,
				266791671A3BED9A007F65E4 /* house2.png */,
				266791681A3BED9A007F65E4 /* mashroom.png */,
				266791691A3BED9A007F65E4 /* money.png */,
				2667916A1A3BED9A007F65E4 /* party.png */,
				2667916B1A3BED9A007F65E4 /* pizza.png */,
				2667916C1A3BED9A007F65E4 /* shopping_man.png */,
				2667916D1A3BED9A007F65E4 /* shopping_w.png */,
				2667916E1A3BED9A007F65E4 /* ski.png */,
				2667916F1A3BED9A007F65E4 /* sports.png */,
				266791701A3BED9A007F65E4 /* target.png */,
				266791711A3BED9A007F65E4 /* violin.png */,
				266791721A3BED9A007F65E4 /* house.png */,
				266791731A3BED9A007F65E4 /* car.png */,
			);
			name = "Place Icons";
			sourceTree = "<group>";
		};
		269233731A1C9A210033527B /* Libraries */ = {
			isa = PBXGroup;
			children = (
				2628DC8A1A301D3500436559 /* QRCodeReader */,
				269233741A1C9A430033527B /* SWRevealViewController */,
			);
			name = Libraries;
			sourceTree = "<group>";
		};
		269233741A1C9A430033527B /* SWRevealViewController */ = {
			isa = PBXGroup;
			children = (
				269233751A1C9A430033527B /* SWRevealViewController.h */,
				269233761A1C9A430033527B /* SWRevealViewController.m */,
			);
			path = SWRevealViewController;
			sourceTree = "<group>";
		};
		269BDC9819EE9C720004501F = {
			isa = PBXGroup;
			children = (
				269BDD0619F67FC30004501F /* CoreLocation.framework */,
				269BDD0419F67F8A0004501F /* MapKit.framework */,
				269BDCA319EE9C720004501F /* Spotty Finder */,
				269BDCB919EE9C720004501F /* Spotty FinderTests */,
				269BDCA219EE9C720004501F /* Products */,
			);
			sourceTree = "<group>";
		};
		269BDCA219EE9C720004501F /* Products */ = {
			isa = PBXGroup;
			children = (
				269BDCA119EE9C720004501F /* Places.app */,
				269BDCB619EE9C720004501F /* PlacesTests.xctest */,
			);
			name = Products;
			sourceTree = "<group>";
		};
		269BDCA319EE9C720004501F /* Spotty Finder */ = {
			isa = PBXGroup;
			children = (
				2621BC511A5E376600B1BA19 /* Static */,
				269233731A1C9A210033527B /* Libraries */,
				26CCEE551A08300A007FCDD2 /* Images */,
				26D70F431A27888F00E349B6 /* Supporters */,
				269BDCC619EE9D060004501F /* Classes */,
				265792271A1AAE8B00239D9E /* UIClasses */,
				269BDCA819EE9C720004501F /* ViewController.swift */,
				269BDCAA19EE9C720004501F /* Main.storyboard */,
				269BDCAD19EE9C720004501F /* Images.xcassets */,
				269BDCAF19EE9C720004501F /* LaunchScreen.xib */,
				269BDCA419EE9C720004501F /* Supporting Files */,
			);
			path = "Spotty Finder";
			sourceTree = "<group>";
		};
		269BDCA419EE9C720004501F /* Supporting Files */ = {
			isa = PBXGroup;
			children = (
				2692337D1A1C9DBE0033527B /* Spotty Finder-Bridging-Header.h */,
				269BDCA619EE9C720004501F /* AppDelegate.swift */,
				269BDCA519EE9C720004501F /* Info.plist */,
			);
			name = "Supporting Files";
			sourceTree = "<group>";
		};
		269BDCB919EE9C720004501F /* Spotty FinderTests */ = {
			isa = PBXGroup;
			children = (
				269BDCBC19EE9C720004501F /* Spotty_FinderTests.swift */,
				269BDCBA19EE9C720004501F /* Supporting Files */,
			);
			path = "Spotty FinderTests";
			sourceTree = "<group>";
		};
		269BDCBA19EE9C720004501F /* Supporting Files */ = {
			isa = PBXGroup;
			children = (
				269BDCBB19EE9C720004501F /* Info.plist */,
			);
			name = "Supporting Files";
			sourceTree = "<group>";
		};
		269BDCC619EE9D060004501F /* Classes */ = {
			isa = PBXGroup;
			children = (
				2692336E1A1C5A7A0033527B /* Map.swift */,
				26ADFECD19FF2B0B00B32B7F /* Network.swift */,
				269BDCC719EE9E130004501F /* Place.swift */,
				269BDCC919EF51E20004501F /* NamedPlace.swift */,
				269BDCCB19EF58330004501F /* Navigation.swift */,
				269BDCCF19F01BF00004501F /* LocationSource.swift */,
				269BDCCD19F010DA0004501F /* PlacesSet.swift */,
				26316F6019F864DB00135D51 /* Location.swift */,
				26EEA4571A2E423900815410 /* MessageComposer.swift */,
			);
			name = Classes;
			sourceTree = "<group>";
		};
		26CCEE551A08300A007FCDD2 /* Images */ = {
			isa = PBXGroup;
			children = (
				266791931A3BEDA6007F65E4 /* download_145x145.png */,
				266791111A3BED22007F65E4 /* Place Icons */,
			);
			name = Images;
			sourceTree = "<group>";
		};
		26D70F431A27888F00E349B6 /* Supporters */ = {
			isa = PBXGroup;
			children = (
				2692336C1A1C5A0A0033527B /* MapViewManipulations.swift */,
			);
			name = Supporters;
			sourceTree = "<group>";
		};
/* End PBXGroup section */

/* Begin PBXNativeTarget section */
		269BDCA019EE9C720004501F /* Places */ = {
			isa = PBXNativeTarget;
			buildConfigurationList = 269BDCC019EE9C720004501F /* Build configuration list for PBXNativeTarget "Places" */;
			buildPhases = (
				269BDC9D19EE9C720004501F /* Sources */,
				269BDC9E19EE9C720004501F /* Frameworks */,
				269BDC9F19EE9C720004501F /* Resources */,
			);
			buildRules = (
			);
			dependencies = (
			);
			name = Places;
			productName = "Spotty Finder";
			productReference = 269BDCA119EE9C720004501F /* Places.app */;
			productType = "com.apple.product-type.application";
		};
		269BDCB519EE9C720004501F /* PlacesTests */ = {
			isa = PBXNativeTarget;
			buildConfigurationList = 269BDCC319EE9C720004501F /* Build configuration list for PBXNativeTarget "PlacesTests" */;
			buildPhases = (
				269BDCB219EE9C720004501F /* Sources */,
				269BDCB319EE9C720004501F /* Frameworks */,
				269BDCB419EE9C720004501F /* Resources */,
			);
			buildRules = (
			);
			dependencies = (
				269BDCB819EE9C720004501F /* PBXTargetDependency */,
			);
			name = PlacesTests;
			productName = "Spotty FinderTests";
			productReference = 269BDCB619EE9C720004501F /* PlacesTests.xctest */;
			productType = "com.apple.product-type.bundle.unit-test";
		};
/* End PBXNativeTarget section */

/* Begin PBXProject section */
		269BDC9919EE9C720004501F /* Project object */ = {
			isa = PBXProject;
			attributes = {
				LastUpgradeCheck = 0600;
				ORGANIZATIONNAME = "Timur Tatarshaov";
				TargetAttributes = {
					269BDCA019EE9C720004501F = {
						CreatedOnToolsVersion = 6.0.1;
						SystemCapabilities = {
							com.apple.Maps.iOS = {
								enabled = 1;
							};
						};
					};
					269BDCB519EE9C720004501F = {
						CreatedOnToolsVersion = 6.0.1;
						TestTargetID = 269BDCA019EE9C720004501F;
					};
				};
			};
			buildConfigurationList = 269BDC9C19EE9C720004501F /* Build configuration list for PBXProject "Places" */;
			compatibilityVersion = "Xcode 3.2";
			developmentRegion = English;
			hasScannedForEncodings = 0;
			knownRegions = (
				en,
				Base,
			);
			mainGroup = 269BDC9819EE9C720004501F;
			productRefGroup = 269BDCA219EE9C720004501F /* Products */;
			projectDirPath = "";
			projectRoot = "";
			targets = (
				269BDCA019EE9C720004501F /* Places */,
				269BDCB519EE9C720004501F /* PlacesTests */,
			);
		};
/* End PBXProject section */

/* Begin PBXResourcesBuildPhase section */
		269BDC9F19EE9C720004501F /* Resources */ = {
			isa = PBXResourcesBuildPhase;
			buildActionMask = 2147483647;
			files = (
				266791921A3BED9A007F65E4 /* car.png in Resources */,
				266791761A3BED9A007F65E4 /* cycle.png in Resources */,
				266791771A3BED9A007F65E4 /* cycle2.png in Resources */,
				269BDCAC19EE9C720004501F /* Main.storyboard in Resources */,
				266791841A3BED9A007F65E4 /* heart2.png in Resources */,
				2667918F1A3BED9A007F65E4 /* target.png in Resources */,
				266791791A3BED9A007F65E4 /* desert.png in Resources */,
				266791781A3BED9A007F65E4 /* default.png in Resources */,
				269BDCB119EE9C720004501F /* LaunchScreen.xib in Resources */,
				266791851A3BED9A007F65E4 /* horse.png in Resources */,
				266791821A3BED9A007F65E4 /* gun.png in Resources */,
				266791861A3BED9A007F65E4 /* house2.png in Resources */,
				266791801A3BED9A007F65E4 /* glass.png in Resources */,
				2667917F1A3BED9A007F65E4 /* food2.png in Resources */,
				266791891A3BED9A007F65E4 /* party.png in Resources */,
				266791901A3BED9A007F65E4 /* violin.png in Resources */,
				266791811A3BED9A007F65E4 /* golf.png in Resources */,
				2667917A1A3BED9A007F65E4 /* dog.png in Resources */,
				266791741A3BED9A007F65E4 /* bell.png in Resources */,
				2667918A1A3BED9A007F65E4 /* pizza.png in Resources */,
				266791751A3BED9A007F65E4 /* casper.png in Resources */,
				2667917B1A3BED9A007F65E4 /* fish.png in Resources */,
				2667917C1A3BED9A007F65E4 /* fishing.png in Resources */,
				266791911A3BED9A007F65E4 /* house.png in Resources */,
				2667917E1A3BED9A007F65E4 /* food.png in Resources */,
				2667918D1A3BED9A007F65E4 /* ski.png in Resources */,
				266791871A3BED9A007F65E4 /* mashroom.png in Resources */,
				2667918B1A3BED9A007F65E4 /* shopping_man.png in Resources */,
				2621BC501A5E375200B1BA19 /* documentation.pdf in Resources */,
				2667918E1A3BED9A007F65E4 /* sports.png in Resources */,
				2667918C1A3BED9A007F65E4 /* shopping_w.png in Resources */,
				266791881A3BED9A007F65E4 /* money.png in Resources */,
				266791941A3BEDA6007F65E4 /* download_145x145.png in Resources */,
				266791831A3BED9A007F65E4 /* heart.png in Resources */,
				269BDCAE19EE9C720004501F /* Images.xcassets in Resources */,
				2667917D1A3BED9A007F65E4 /* flower.png in Resources */,
			);
			runOnlyForDeploymentPostprocessing = 0;
		};
		269BDCB419EE9C720004501F /* Resources */ = {
			isa = PBXResourcesBuildPhase;
			buildActionMask = 2147483647;
			files = (
			);
			runOnlyForDeploymentPostprocessing = 0;
		};
/* End PBXResourcesBuildPhase section */

/* Begin PBXSourcesBuildPhase section */
		269BDC9D19EE9C720004501F /* Sources */ = {
			isa = PBXSourcesBuildPhase;
			buildActionMask = 2147483647;
			files = (
				26ADFECE19FF2B0B00B32B7F /* Network.swift in Sources */,
				2628DC901A301D3500436559 /* SwitchCameraButton.swift in Sources */,
				2657922C1A1AB06400239D9E /* TableViewController.swift in Sources */,
				269BDCCE19F010DA0004501F /* PlacesSet.swift in Sources */,
				26ADFECC19FD659400B32B7F /* MapKitViewAppearance.swift in Sources */,
				26D70F821A2C9B0C00E349B6 /* ProgrammaticallyCreatedUI.swift in Sources */,
				269BDCC819EE9E130004501F /* Place.swift in Sources */,
				26316F6119F864DB00135D51 /* Location.swift in Sources */,
				269BDCCA19EF51E20004501F /* NamedPlace.swift in Sources */,
				269BDCCC19EF58330004501F /* Navigation.swift in Sources */,
				26EEA4581A2E423900815410 /* MessageComposer.swift in Sources */,
				2628DC8E1A301D3500436559 /* QRCodeReader.swift in Sources */,
				2692336D1A1C5A0A0033527B /* MapViewManipulations.swift in Sources */,
				2692336F1A1C5A7A0033527B /* Map.swift in Sources */,
				26E1F4E41A3BF6470094A645 /* PlaceImportSheet.swift in Sources */,
				2628DC8F1A301D3500436559 /* ReaderView.swift in Sources */,
				269233771A1C9A430033527B /* SWRevealViewController.m in Sources */,
				26E11AB41A24D55500CEB77C /* ImageChooserButton.swift in Sources */,
				26CCEE541A003CBC007FCDD2 /* PlaceActionSheet.swift in Sources */,
				26D70F841A2D337700E349B6 /* ImageSelectorScrollView.swift in Sources */,
				269BDCA919EE9C720004501F /* ViewController.swift in Sources */,
				269BDCA719EE9C720004501F /* AppDelegate.swift in Sources */,
				269BDCD019F01BF00004501F /* LocationSource.swift in Sources */,
				26E11ABA1A25026800CEB77C /* NamedPlaceAnnotationView.swift in Sources */,
			);
			runOnlyForDeploymentPostprocessing = 0;
		};
		269BDCB219EE9C720004501F /* Sources */ = {
			isa = PBXSourcesBuildPhase;
			buildActionMask = 2147483647;
			files = (
				269BDCBD19EE9C720004501F /* Spotty_FinderTests.swift in Sources */,
			);
			runOnlyForDeploymentPostprocessing = 0;
		};
/* End PBXSourcesBuildPhase section */

/* Begin PBXTargetDependency section */
		269BDCB819EE9C720004501F /* PBXTargetDependency */ = {
			isa = PBXTargetDependency;
			target = 269BDCA019EE9C720004501F /* Places */;
			targetProxy = 269BDCB719EE9C720004501F /* PBXContainerItemProxy */;
		};
/* End PBXTargetDependency section */

/* Begin PBXVariantGroup section */
		269BDCAA19EE9C720004501F /* Main.storyboard */ = {
			isa = PBXVariantGroup;
			children = (
				269BDCAB19EE9C720004501F /* Base */,
			);
			name = Main.storyboard;
			sourceTree = "<group>";
		};
		269BDCAF19EE9C720004501F /* LaunchScreen.xib */ = {
			isa = PBXVariantGroup;
			children = (
				269BDCB019EE9C720004501F /* Base */,
			);
			name = LaunchScreen.xib;
			sourceTree = "<group>";
		};
/* End PBXVariantGroup section */

/* Begin XCBuildConfiguration section */
		269BDCBE19EE9C720004501F /* Debug */ = {
			isa = XCBuildConfiguration;
			buildSettings = {
				ALWAYS_SEARCH_USER_PATHS = NO;
				CLANG_CXX_LANGUAGE_STANDARD = "gnu++0x";
				CLANG_CXX_LIBRARY = "libc++";
				CLANG_ENABLE_MODULES = YES;
				CLANG_ENABLE_OBJC_ARC = YES;
				CLANG_WARN_BOOL_CONVERSION = YES;
				CLANG_WARN_CONSTANT_CONVERSION = YES;
				CLANG_WARN_DIRECT_OBJC_ISA_USAGE = YES_ERROR;
				CLANG_WARN_EMPTY_BODY = YES;
				CLANG_WARN_ENUM_CONVERSION = YES;
				CLANG_WARN_INT_CONVERSION = YES;
				CLANG_WARN_OBJC_ROOT_CLASS = YES_ERROR;
				CLANG_WARN_UNREACHABLE_CODE = YES;
				CLANG_WARN__DUPLICATE_METHOD_MATCH = YES;
				"CODE_SIGN_IDENTITY[sdk=iphoneos*]" = "iPhone Developer";
				COPY_PHASE_STRIP = NO;
				ENABLE_STRICT_OBJC_MSGSEND = YES;
				GCC_C_LANGUAGE_STANDARD = gnu99;
				GCC_DYNAMIC_NO_PIC = NO;
				GCC_OPTIMIZATION_LEVEL = 0;
				GCC_PREPROCESSOR_DEFINITIONS = (
					"DEBUG=1",
					"$(inherited)",
				);
				GCC_SYMBOLS_PRIVATE_EXTERN = NO;
				GCC_WARN_64_TO_32_BIT_CONVERSION = YES;
				GCC_WARN_ABOUT_RETURN_TYPE = YES_ERROR;
				GCC_WARN_UNDECLARED_SELECTOR = YES;
				GCC_WARN_UNINITIALIZED_AUTOS = YES_AGGRESSIVE;
				GCC_WARN_UNUSED_FUNCTION = YES;
				GCC_WARN_UNUSED_VARIABLE = YES;
				IPHONEOS_DEPLOYMENT_TARGET = 8.0;
				MTL_ENABLE_DEBUG_INFO = YES;
				ONLY_ACTIVE_ARCH = YES;
				SDKROOT = iphoneos;
				SWIFT_OPTIMIZATION_LEVEL = "-Onone";
				TARGETED_DEVICE_FAMILY = "1,2";
			};
			name = Debug;
		};
		269BDCBF19EE9C720004501F /* Release */ = {
			isa = XCBuildConfiguration;
			buildSettings = {
				ALWAYS_SEARCH_USER_PATHS = NO;
				CLANG_CXX_LANGUAGE_STANDARD = "gnu++0x";
				CLANG_CXX_LIBRARY = "libc++";
				CLANG_ENABLE_MODULES = YES;
				CLANG_ENABLE_OBJC_ARC = YES;
				CLANG_WARN_BOOL_CONVERSION = YES;
				CLANG_WARN_CONSTANT_CONVERSION = YES;
				CLANG_WARN_DIRECT_OBJC_ISA_USAGE = YES_ERROR;
				CLANG_WARN_EMPTY_BODY = YES;
				CLANG_WARN_ENUM_CONVERSION = YES;
				CLANG_WARN_INT_CONVERSION = YES;
				CLANG_WARN_OBJC_ROOT_CLASS = YES_ERROR;
				CLANG_WARN_UNREACHABLE_CODE = YES;
				CLANG_WARN__DUPLICATE_METHOD_MATCH = YES;
				"CODE_SIGN_IDENTITY[sdk=iphoneos*]" = "iPhone Developer";
				COPY_PHASE_STRIP = YES;
				ENABLE_NS_ASSERTIONS = NO;
				ENABLE_STRICT_OBJC_MSGSEND = YES;
				GCC_C_LANGUAGE_STANDARD = gnu99;
				GCC_WARN_64_TO_32_BIT_CONVERSION = YES;
				GCC_WARN_ABOUT_RETURN_TYPE = YES_ERROR;
				GCC_WARN_UNDECLARED_SELECTOR = YES;
				GCC_WARN_UNINITIALIZED_AUTOS = YES_AGGRESSIVE;
				GCC_WARN_UNUSED_FUNCTION = YES;
				GCC_WARN_UNUSED_VARIABLE = YES;
				IPHONEOS_DEPLOYMENT_TARGET = 8.0;
				MTL_ENABLE_DEBUG_INFO = NO;
				SDKROOT = iphoneos;
				TARGETED_DEVICE_FAMILY = "1,2";
				VALIDATE_PRODUCT = YES;
			};
			name = Release;
		};
		269BDCC119EE9C720004501F /* Debug */ = {
			isa = XCBuildConfiguration;
			buildSettings = {
				ASSETCATALOG_COMPILER_APPICON_NAME = AppIcon;
				CLANG_ENABLE_MODULES = YES;
				INFOPLIST_FILE = "Spotty Finder/Info.plist";
				LD_RUNPATH_SEARCH_PATHS = "$(inherited) @executable_path/Frameworks";
				PRODUCT_NAME = Places;
				SWIFT_OBJC_BRIDGING_HEADER = "Spotty Finder-Bridging-Header.h";
				SWIFT_OPTIMIZATION_LEVEL = "-Onone";
			};
			name = Debug;
		};
		269BDCC219EE9C720004501F /* Release */ = {
			isa = XCBuildConfiguration;
			buildSettings = {
				ASSETCATALOG_COMPILER_APPICON_NAME = AppIcon;
				CLANG_ENABLE_MODULES = YES;
				INFOPLIST_FILE = "Spotty Finder/Info.plist";
				LD_RUNPATH_SEARCH_PATHS = "$(inherited) @executable_path/Frameworks";
				PRODUCT_NAME = Places;
				SWIFT_OBJC_BRIDGING_HEADER = "Spotty Finder-Bridging-Header.h";
			};
			name = Release;
		};
		269BDCC419EE9C720004501F /* Debug */ = {
			isa = XCBuildConfiguration;
			buildSettings = {
				BUNDLE_LOADER = "$(TEST_HOST)";
				FRAMEWORK_SEARCH_PATHS = (
					"$(SDKROOT)/Developer/Library/Frameworks",
					"$(inherited)",
				);
				GCC_PREPROCESSOR_DEFINITIONS = (
					"DEBUG=1",
					"$(inherited)",
				);
				INFOPLIST_FILE = "Spotty FinderTests/Info.plist";
				LD_RUNPATH_SEARCH_PATHS = "$(inherited) @executable_path/Frameworks @loader_path/Frameworks";
				PRODUCT_NAME = PlacesTests;
				TEST_HOST = "$(BUILT_PRODUCTS_DIR)/Places.app/Places";
			};
			name = Debug;
		};
		269BDCC519EE9C720004501F /* Release */ = {
			isa = XCBuildConfiguration;
			buildSettings = {
				BUNDLE_LOADER = "$(TEST_HOST)";
				FRAMEWORK_SEARCH_PATHS = (
					"$(SDKROOT)/Developer/Library/Frameworks",
					"$(inherited)",
				);
				INFOPLIST_FILE = "Spotty FinderTests/Info.plist";
				LD_RUNPATH_SEARCH_PATHS = "$(inherited) @executable_path/Frameworks @loader_path/Frameworks";
				PRODUCT_NAME = PlacesTests;
				TEST_HOST = "$(BUILT_PRODUCTS_DIR)/Places.app/Places";
			};
			name = Release;
		};
/* End XCBuildConfiguration section */

/* Begin XCConfigurationList section */
		269BDC9C19EE9C720004501F /* Build configuration list for PBXProject "Places" */ = {
			isa = XCConfigurationList;
			buildConfigurations = (
				269BDCBE19EE9C720004501F /* Debug */,
				269BDCBF19EE9C720004501F /* Release */,
			);
			defaultConfigurationIsVisible = 0;
			defaultConfigurationName = Release;
		};
		269BDCC019EE9C720004501F /* Build configuration list for PBXNativeTarget "Places" */ = {
			isa = XCConfigurationList;
			buildConfigurations = (
				269BDCC119EE9C720004501F /* Debug */,
				269BDCC219EE9C720004501F /* Release */,
			);
			defaultConfigurationIsVisible = 0;
			defaultConfigurationName = Release;
		};
		269BDCC319EE9C720004501F /* Build configuration list for PBXNativeTarget "PlacesTests" */ = {
			isa = XCConfigurationList;
			buildConfigurations = (
				269BDCC419EE9C720004501F /* Debug */,
				269BDCC519EE9C720004501F /* Release */,
			);
			defaultConfigurationIsVisible = 0;
			defaultConfigurationName = Release;
		};
/* End XCConfigurationList section */
	};
	rootObject = 269BDC9919EE9C720004501F /* Project object */;
}
